// !$*UTF8*$!
{
	archiveVersion = 1;
	classes = {
	};
	objectVersion = 46;
	objects = {

/* Begin PBXBuildFile section */
		E7090C9E1A229E940052161A /* AppDelegate.m in Sources */ = {isa = PBXBuildFile; fileRef = E7090C991A229E940052161A /* AppDelegate.m */; };
		E7090C9F1A229E940052161A /* ViewController.m in Sources */ = {isa = PBXBuildFile; fileRef = E7090C9D1A229E940052161A /* ViewController.m */; };
		E7090CA51A22E6900052161A /* TRVLTrip.m in Sources */ = {isa = PBXBuildFile; fileRef = E7090CA41A22E6900052161A /* TRVLTrip.m */; };
		E7A67BE51A2298B500964900 /* main.m in Sources */ = {isa = PBXBuildFile; fileRef = E7A67BE41A2298B500964900 /* main.m */; };
		E7A67BEE1A2298B500964900 /* Main.storyboard in Resources */ = {isa = PBXBuildFile; fileRef = E7A67BEC1A2298B500964900 /* Main.storyboard */; };
		E7A67BF01A2298B500964900 /* Images.xcassets in Resources */ = {isa = PBXBuildFile; fileRef = E7A67BEF1A2298B500964900 /* Images.xcassets */; };
		E7A67BF31A2298B500964900 /* LaunchScreen.xib in Resources */ = {isa = PBXBuildFile; fileRef = E7A67BF11A2298B500964900 /* LaunchScreen.xib */; };
		E7A67BFF1A2298B500964900 /* TravelBookTests.m in Sources */ = {isa = PBXBuildFile; fileRef = E7A67BFE1A2298B500964900 /* TravelBookTests.m */; };
		F97697F763139AA7B94E0F53 /* libPods.a in Frameworks */ = {isa = PBXBuildFile; fileRef = 923024894E472644A514E56D /* libPods.a */; };
/* End PBXBuildFile section */

/* Begin PBXContainerItemProxy section */
		E7A67BF91A2298B500964900 /* PBXContainerItemProxy */ = {
			isa = PBXContainerItemProxy;
			containerPortal = E7A67BD71A2298B500964900 /* Project object */;
			proxyType = 1;
			remoteGlobalIDString = E7A67BDE1A2298B500964900;
			remoteInfo = TravelBook;
		};
/* End PBXContainerItemProxy section */

/* Begin PBXFileReference section */
		7848410C17A3659DE811058F /* Pods.release.xcconfig */ = {isa = PBXFileReference; includeInIndex = 1; lastKnownFileType = text.xcconfig; name = Pods.release.xcconfig; path = "Pods/Target Support Files/Pods/Pods.release.xcconfig"; sourceTree = "<group>"; };
		923024894E472644A514E56D /* libPods.a */ = {isa = PBXFileReference; explicitFileType = archive.ar; includeInIndex = 0; path = libPods.a; sourceTree = BUILT_PRODUCTS_DIR; };
		A296839B5056496151CEAE8F /* Pods.debug.xcconfig */ = {isa = PBXFileReference; includeInIndex = 1; lastKnownFileType = text.xcconfig; name = Pods.debug.xcconfig; path = "Pods/Target Support Files/Pods/Pods.debug.xcconfig"; sourceTree = "<group>"; };
		E7090C981A229E940052161A /* AppDelegate.h */ = {isa = PBXFileReference; fileEncoding = 4; lastKnownFileType = sourcecode.c.h; path = AppDelegate.h; sourceTree = "<group>"; };
		E7090C991A229E940052161A /* AppDelegate.m */ = {isa = PBXFileReference; fileEncoding = 4; lastKnownFileType = sourcecode.c.objc; path = AppDelegate.m; sourceTree = "<group>"; };
		E7090C9C1A229E940052161A /* ViewController.h */ = {isa = PBXFileReference; fileEncoding = 4; lastKnownFileType = sourcecode.c.h; path = ViewController.h; sourceTree = "<group>"; };
		E7090C9D1A229E940052161A /* ViewController.m */ = {isa = PBXFileReference; fileEncoding = 4; lastKnownFileType = sourcecode.c.objc; path = ViewController.m; sourceTree = "<group>"; };
		E7090CA31A22E6900052161A /* TRVLTrip.h */ = {isa = PBXFileReference; fileEncoding = 4; lastKnownFileType = sourcecode.c.h; path = TRVLTrip.h; sourceTree = "<group>"; };
		E7090CA41A22E6900052161A /* TRVLTrip.m */ = {isa = PBXFileReference; fileEncoding = 4; lastKnownFileType = sourcecode.c.objc; path = TRVLTrip.m; sourceTree = "<group>"; };
		E7090CA61A22E7C50052161A /* DevEnvironment.xcconfig */ = {isa = PBXFileReference; lastKnownFileType = text.xcconfig; path = DevEnvironment.xcconfig; sourceTree = "<group>"; };
		E7A67BDF1A2298B500964900 /* TravelBook.app */ = {isa = PBXFileReference; explicitFileType = wrapper.application; includeInIndex = 0; path = TravelBook.app; sourceTree = BUILT_PRODUCTS_DIR; };
		E7A67BE31A2298B500964900 /* Info.plist */ = {isa = PBXFileReference; lastKnownFileType = text.plist.xml; path = Info.plist; sourceTree = "<group>"; };
		E7A67BE41A2298B500964900 /* main.m */ = {isa = PBXFileReference; lastKnownFileType = sourcecode.c.objc; path = main.m; sourceTree = "<group>"; };
		E7A67BED1A2298B500964900 /* Base */ = {isa = PBXFileReference; lastKnownFileType = file.storyboard; name = Base; path = Base.lproj/Main.storyboard; sourceTree = "<group>"; };
		E7A67BEF1A2298B500964900 /* Images.xcassets */ = {isa = PBXFileReference; lastKnownFileType = folder.assetcatalog; path = Images.xcassets; sourceTree = "<group>"; };
		E7A67BF21A2298B500964900 /* Base */ = {isa = PBXFileReference; lastKnownFileType = file.xib; name = Base; path = Base.lproj/LaunchScreen.xib; sourceTree = "<group>"; };
		E7A67BF81A2298B500964900 /* TravelBookTests.xctest */ = {isa = PBXFileReference; explicitFileType = wrapper.cfbundle; includeInIndex = 0; path = TravelBookTests.xctest; sourceTree = BUILT_PRODUCTS_DIR; };
		E7A67BFD1A2298B500964900 /* Info.plist */ = {isa = PBXFileReference; lastKnownFileType = text.plist.xml; path = Info.plist; sourceTree = "<group>"; };
		E7A67BFE1A2298B500964900 /* TravelBookTests.m */ = {isa = PBXFileReference; lastKnownFileType = sourcecode.c.objc; path = TravelBookTests.m; sourceTree = "<group>"; };
/* End PBXFileReference section */

/* Begin PBXFrameworksBuildPhase section */
		E7A67BDC1A2298B500964900 /* Frameworks */ = {
			isa = PBXFrameworksBuildPhase;
			buildActionMask = 2147483647;
			files = (
				F97697F763139AA7B94E0F53 /* libPods.a in Frameworks */,
			);
			runOnlyForDeploymentPostprocessing = 0;
		};
		E7A67BF51A2298B500964900 /* Frameworks */ = {
			isa = PBXFrameworksBuildPhase;
			buildActionMask = 2147483647;
			files = (
			);
			runOnlyForDeploymentPostprocessing = 0;
		};
/* End PBXFrameworksBuildPhase section */

/* Begin PBXGroup section */
		2F65708E9FA18B869662E7BB /* Frameworks */ = {
			isa = PBXGroup;
			children = (
				923024894E472644A514E56D /* libPods.a */,
			);
			name = Frameworks;
			sourceTree = "<group>";
		};
		E3BC51988ADD33181A16C6A6 /* Pods */ = {
			isa = PBXGroup;
			children = (
				A296839B5056496151CEAE8F /* Pods.debug.xcconfig */,
				7848410C17A3659DE811058F /* Pods.release.xcconfig */,
			);
			name = Pods;
			sourceTree = "<group>";
		};
		E7090C971A229E940052161A /* Classes */ = {
			isa = PBXGroup;
			children = (
				E7090C981A229E940052161A /* AppDelegate.h */,
				E7090C991A229E940052161A /* AppDelegate.m */,
				E7090C9A1A229E940052161A /* Domain */,
				E7090C9B1A229E940052161A /* UI */,
			);
			path = Classes;
			sourceTree = "<group>";
		};
		E7090C9A1A229E940052161A /* Domain */ = {
			isa = PBXGroup;
			children = (
				E7090CA31A22E6900052161A /* TRVLTrip.h */,
				E7090CA41A22E6900052161A /* TRVLTrip.m */,
			);
			path = Domain;
			sourceTree = "<group>";
		};
		E7090C9B1A229E940052161A /* UI */ = {
			isa = PBXGroup;
			children = (
				E7090C9C1A229E940052161A /* ViewController.h */,
				E7090C9D1A229E940052161A /* ViewController.m */,
			);
			path = UI;
			sourceTree = "<group>";
		};
		E7A67BD61A2298B500964900 = {
			isa = PBXGroup;
			children = (
				E7A67BE11A2298B500964900 /* TravelBook */,
				E7A67BFB1A2298B500964900 /* TravelBookTests */,
				E7A67BE01A2298B500964900 /* Products */,
				E3BC51988ADD33181A16C6A6 /* Pods */,
				2F65708E9FA18B869662E7BB /* Frameworks */,
			);
			sourceTree = "<group>";
		};
		E7A67BE01A2298B500964900 /* Products */ = {
			isa = PBXGroup;
			children = (
				E7A67BDF1A2298B500964900 /* TravelBook.app */,
				E7A67BF81A2298B500964900 /* TravelBookTests.xctest */,
			);
			name = Products;
			sourceTree = "<group>";
		};
		E7A67BE11A2298B500964900 /* TravelBook */ = {
			isa = PBXGroup;
			children = (
				E7090C971A229E940052161A /* Classes */,
				E7A67BEC1A2298B500964900 /* Main.storyboard */,
				E7A67BEF1A2298B500964900 /* Images.xcassets */,
				E7A67BF11A2298B500964900 /* LaunchScreen.xib */,
				E7A67BE21A2298B500964900 /* Supporting Files */,
				E7090CA61A22E7C50052161A /* DevEnvironment.xcconfig */,
			);
			path = TravelBook;
			sourceTree = "<group>";
		};
		E7A67BE21A2298B500964900 /* Supporting Files */ = {
			isa = PBXGroup;
			children = (
				E7A67BE31A2298B500964900 /* Info.plist */,
				E7A67BE41A2298B500964900 /* main.m */,
			);
			name = "Supporting Files";
			sourceTree = "<group>";
		};
		E7A67BFB1A2298B500964900 /* TravelBookTests */ = {
			isa = PBXGroup;
			children = (
				E7A67BFE1A2298B500964900 /* TravelBookTests.m */,
				E7A67BFC1A2298B500964900 /* Supporting Files */,
			);
			path = TravelBookTests;
			sourceTree = "<group>";
		};
		E7A67BFC1A2298B500964900 /* Supporting Files */ = {
			isa = PBXGroup;
			children = (
				E7A67BFD1A2298B500964900 /* Info.plist */,
			);
			name = "Supporting Files";
			sourceTree = "<group>";
		};
/* End PBXGroup section */

/* Begin PBXNativeTarget section */
		E7A67BDE1A2298B500964900 /* TravelBook */ = {
			isa = PBXNativeTarget;
			buildConfigurationList = E7A67C021A2298B500964900 /* Build configuration list for PBXNativeTarget "TravelBook" */;
			buildPhases = (
				D63D174961CC388C063C2E87 /* Check Pods Manifest.lock */,
				E7A67BDB1A2298B500964900 /* Sources */,
				E7A67BDC1A2298B500964900 /* Frameworks */,
				E7A67BDD1A2298B500964900 /* Resources */,
				124BE0C81363E0F10B6EC0B3 /* Copy Pods Resources */,
			);
			buildRules = (
			);
			dependencies = (
			);
			name = TravelBook;
			productName = TravelBook;
			productReference = E7A67BDF1A2298B500964900 /* TravelBook.app */;
			productType = "com.apple.product-type.application";
		};
		E7A67BF71A2298B500964900 /* TravelBookTests */ = {
			isa = PBXNativeTarget;
			buildConfigurationList = E7A67C051A2298B500964900 /* Build configuration list for PBXNativeTarget "TravelBookTests" */;
			buildPhases = (
				E7A67BF41A2298B500964900 /* Sources */,
				E7A67BF51A2298B500964900 /* Frameworks */,
				E7A67BF61A2298B500964900 /* Resources */,
			);
			buildRules = (
			);
			dependencies = (
				E7A67BFA1A2298B500964900 /* PBXTargetDependency */,
			);
			name = TravelBookTests;
			productName = TravelBookTests;
			productReference = E7A67BF81A2298B500964900 /* TravelBookTests.xctest */;
			productType = "com.apple.product-type.bundle.unit-test";
		};
/* End PBXNativeTarget section */

/* Begin PBXProject section */
		E7A67BD71A2298B500964900 /* Project object */ = {
			isa = PBXProject;
			attributes = {
				CLASSPREFIX = TRVL;
				LastUpgradeCheck = 0610;
				ORGANIZATIONNAME = "Fabián Cañas";
				TargetAttributes = {
					E7A67BDE1A2298B500964900 = {
						CreatedOnToolsVersion = 6.1;
					};
					E7A67BF71A2298B500964900 = {
						CreatedOnToolsVersion = 6.1;
						TestTargetID = E7A67BDE1A2298B500964900;
					};
				};
			};
			buildConfigurationList = E7A67BDA1A2298B500964900 /* Build configuration list for PBXProject "TravelBook" */;
			compatibilityVersion = "Xcode 3.2";
			developmentRegion = English;
			hasScannedForEncodings = 0;
			knownRegions = (
				en,
				Base,
			);
			mainGroup = E7A67BD61A2298B500964900;
			productRefGroup = E7A67BE01A2298B500964900 /* Products */;
			projectDirPath = "";
			projectRoot = "";
			targets = (
				E7A67BDE1A2298B500964900 /* TravelBook */,
				E7A67BF71A2298B500964900 /* TravelBookTests */,
			);
		};
/* End PBXProject section */

/* Begin PBXResourcesBuildPhase section */
		E7A67BDD1A2298B500964900 /* Resources */ = {
			isa = PBXResourcesBuildPhase;
			buildActionMask = 2147483647;
			files = (
				E7A67BEE1A2298B500964900 /* Main.storyboard in Resources */,
				E7A67BF31A2298B500964900 /* LaunchScreen.xib in Resources */,
				E7A67BF01A2298B500964900 /* Images.xcassets in Resources */,
			);
			runOnlyForDeploymentPostprocessing = 0;
		};
		E7A67BF61A2298B500964900 /* Resources */ = {
			isa = PBXResourcesBuildPhase;
			buildActionMask = 2147483647;
			files = (
			);
			runOnlyForDeploymentPostprocessing = 0;
		};
/* End PBXResourcesBuildPhase section */

/* Begin PBXShellScriptBuildPhase section */
		124BE0C81363E0F10B6EC0B3 /* Copy Pods Resources */ = {
			isa = PBXShellScriptBuildPhase;
			buildActionMask = 2147483647;
			files = (
			);
			inputPaths = (
			);
			name = "Copy Pods Resources";
			outputPaths = (
			);
			runOnlyForDeploymentPostprocessing = 0;
			shellPath = /bin/sh;
			shellScript = "\"${SRCROOT}/Pods/Target Support Files/Pods/Pods-resources.sh\"\n";
			showEnvVarsInLog = 0;
		};
		D63D174961CC388C063C2E87 /* Check Pods Manifest.lock */ = {
			isa = PBXShellScriptBuildPhase;
			buildActionMask = 2147483647;
			files = (
			);
			inputPaths = (
			);
			name = "Check Pods Manifest.lock";
			outputPaths = (
			);
			runOnlyForDeploymentPostprocessing = 0;
			shellPath = /bin/sh;
			shellScript = "diff \"${PODS_ROOT}/../Podfile.lock\" \"${PODS_ROOT}/Manifest.lock\" > /dev/null\nif [[ $? != 0 ]] ; then\n    cat << EOM\nerror: The sandbox is not in sync with the Podfile.lock. Run 'pod install' or update your CocoaPods installation.\nEOM\n    exit 1\nfi\n";
			showEnvVarsInLog = 0;
		};
/* End PBXShellScriptBuildPhase section */

/* Begin PBXSourcesBuildPhase section */
		E7A67BDB1A2298B500964900 /* Sources */ = {
			isa = PBXSourcesBuildPhase;
			buildActionMask = 2147483647;
			files = (
				E7090C9F1A229E940052161A /* ViewController.m in Sources */,
				E7090C9E1A229E940052161A /* AppDelegate.m in Sources */,
				E7A67BE51A2298B500964900 /* main.m in Sources */,
				E7090CA51A22E6900052161A /* TRVLTrip.m in Sources */,
			);
			runOnlyForDeploymentPostprocessing = 0;
		};
		E7A67BF41A2298B500964900 /* Sources */ = {
			isa = PBXSourcesBuildPhase;
			buildActionMask = 2147483647;
			files = (
				E7A67BFF1A2298B500964900 /* TravelBookTests.m in Sources */,
			);
			runOnlyForDeploymentPostprocessing = 0;
		};
/* End PBXSourcesBuildPhase section */

/* Begin PBXTargetDependency section */
		E7A67BFA1A2298B500964900 /* PBXTargetDependency */ = {
			isa = PBXTargetDependency;
			target = E7A67BDE1A2298B500964900 /* TravelBook */;
			targetProxy = E7A67BF91A2298B500964900 /* PBXContainerItemProxy */;
		};
/* End PBXTargetDependency section */

/* Begin PBXVariantGroup section */
		E7A67BEC1A2298B500964900 /* Main.storyboard */ = {
			isa = PBXVariantGroup;
			children = (
				E7A67BED1A2298B500964900 /* Base */,
			);
			name = Main.storyboard;
			sourceTree = "<group>";
		};
		E7A67BF11A2298B500964900 /* LaunchScreen.xib */ = {
			isa = PBXVariantGroup;
			children = (
				E7A67BF21A2298B500964900 /* Base */,
			);
			name = LaunchScreen.xib;
			sourceTree = "<group>";
		};
/* End PBXVariantGroup section */

/* Begin XCBuildConfiguration section */
		E7A67C001A2298B500964900 /* Debug */ = {
			isa = XCBuildConfiguration;
			baseConfigurationReference = E7090CA61A22E7C50052161A /* DevEnvironment.xcconfig */;
			buildSettings = {
				ALWAYS_SEARCH_USER_PATHS = NO;
				CLANG_CXX_LANGUAGE_STANDARD = "gnu++0x";
				CLANG_CXX_LIBRARY = "libc++";
				CLANG_ENABLE_MODULES = YES;
				CLANG_ENABLE_OBJC_ARC = YES;
				CLANG_WARN_BOOL_CONVERSION = YES;
				CLANG_WARN_CONSTANT_CONVERSION = YES;
				CLANG_WARN_DIRECT_OBJC_ISA_USAGE = YES_ERROR;
				CLANG_WARN_EMPTY_BODY = YES;
				CLANG_WARN_ENUM_CONVERSION = YES;
				CLANG_WARN_INT_CONVERSION = YES;
				CLANG_WARN_OBJC_ROOT_CLASS = YES_ERROR;
				CLANG_WARN_UNREACHABLE_CODE = YES;
				CLANG_WARN__DUPLICATE_METHOD_MATCH = YES;
				"CODE_SIGN_IDENTITY[sdk=iphoneos*]" = "iPhone Developer";
				COPY_PHASE_STRIP = NO;
				ENABLE_STRICT_OBJC_MSGSEND = YES;
				GCC_C_LANGUAGE_STANDARD = gnu99;
				GCC_DYNAMIC_NO_PIC = NO;
				GCC_OPTIMIZATION_LEVEL = 0;
				GCC_PREPROCESSOR_DEFINITIONS = (
					"DEBUG=1",
					"$(inherited)",
				);
				GCC_SYMBOLS_PRIVATE_EXTERN = NO;
				GCC_WARN_64_TO_32_BIT_CONVERSION = YES;
				GCC_WARN_ABOUT_RETURN_TYPE = YES_ERROR;
				GCC_WARN_UNDECLARED_SELECTOR = YES;
				GCC_WARN_UNINITIALIZED_AUTOS = YES_AGGRESSIVE;
				GCC_WARN_UNUSED_FUNCTION = YES;
				GCC_WARN_UNUSED_VARIABLE = YES;
				IPHONEOS_DEPLOYMENT_TARGET = 8.1;
				MTL_ENABLE_DEBUG_INFO = YES;
				ONLY_ACTIVE_ARCH = YES;
				SDKROOT = iphoneos;
			};
			name = Debug;
		};
		E7A67C011A2298B500964900 /* Release */ = {
			isa = XCBuildConfiguration;
			buildSettings = {
				ALWAYS_SEARCH_USER_PATHS = NO;
				CLANG_CXX_LANGUAGE_STANDARD = "gnu++0x";
				CLANG_CXX_LIBRARY = "libc++";
				CLANG_ENABLE_MODULES = YES;
				CLANG_ENABLE_OBJC_ARC = YES;
				CLANG_WARN_BOOL_CONVERSION = YES;
				CLANG_WARN_CONSTANT_CONVERSION = YES;
				CLANG_WARN_DIRECT_OBJC_ISA_USAGE = YES_ERROR;
				CLANG_WARN_EMPTY_BODY = YES;
				CLANG_WARN_ENUM_CONVERSION = YES;
				CLANG_WARN_INT_CONVERSION = YES;
				CLANG_WARN_OBJC_ROOT_CLASS = YES_ERROR;
				CLANG_WARN_UNREACHABLE_CODE = YES;
				CLANG_WARN__DUPLICATE_METHOD_MATCH = YES;
				"CODE_SIGN_IDENTITY[sdk=iphoneos*]" = "iPhone Developer";
				COPY_PHASE_STRIP = YES;
				ENABLE_NS_ASSERTIONS = NO;
				ENABLE_STRICT_OBJC_MSGSEND = YES;
				GCC_C_LANGUAGE_STANDARD = gnu99;
				GCC_WARN_64_TO_32_BIT_CONVERSION = YES;
				GCC_WARN_ABOUT_RETURN_TYPE = YES_ERROR;
				GCC_WARN_UNDECLARED_SELECTOR = YES;
				GCC_WARN_UNINITIALIZED_AUTOS = YES_AGGRESSIVE;
				GCC_WARN_UNUSED_FUNCTION = YES;
				GCC_WARN_UNUSED_VARIABLE = YES;
				IPHONEOS_DEPLOYMENT_TARGET = 8.1;
				MTL_ENABLE_DEBUG_INFO = NO;
				SDKROOT = iphoneos;
				VALIDATE_PRODUCT = YES;
			};
			name = Release;
		};
		E7A67C031A2298B500964900 /* Debug */ = {
			isa = XCBuildConfiguration;
			baseConfigurationReference = A296839B5056496151CEAE8F /* Pods.debug.xcconfig */;
			buildSettings = {
				ASSETCATALOG_COMPILER_APPICON_NAME = AppIcon;
				INFOPLIST_FILE = TravelBook/Info.plist;
				LD_RUNPATH_SEARCH_PATHS = "$(inherited) @executable_path/Frameworks";
				PRODUCT_NAME = "$(TARGET_NAME)";
			};
			name = Debug;
		};
		E7A67C041A2298B500964900 /* Release */ = {
			isa = XCBuildConfiguration;
			baseConfigurationReference = 7848410C17A3659DE811058F /* Pods.release.xcconfig */;
			buildSettings = {
				ASSETCATALOG_COMPILER_APPICON_NAME = AppIcon;
				INFOPLIST_FILE = TravelBook/Info.plist;
				LD_RUNPATH_SEARCH_PATHS = "$(inherited) @executable_path/Frameworks";
				PRODUCT_NAME = "$(TARGET_NAME)";
			};
			name = Release;
		};
		E7A67C061A2298B500964900 /* Debug */ = {
			isa = XCBuildConfiguration;
			buildSettings = {
				BUNDLE_LOADER = "$(TEST_HOST)";
				FRAMEWORK_SEARCH_PATHS = (
					"$(SDKROOT)/Developer/Library/Frameworks",
					"$(inherited)",
				);
				GCC_PREPROCESSOR_DEFINITIONS = (
					"DEBUG=1",
					"$(inherited)",
				);
				INFOPLIST_FILE = TravelBookTests/Info.plist;
				LD_RUNPATH_SEARCH_PATHS = "$(inherited) @executable_path/Frameworks @loader_path/Frameworks";
				PRODUCT_NAME = "$(TARGET_NAME)";
				TEST_HOST = "$(BUILT_PRODUCTS_DIR)/TravelBook.app/TravelBook";
			};
			name = Debug;
		};
		E7A67C071A2298B500964900 /* Release */ = {
			isa = XCBuildConfiguration;
			buildSettings = {
				BUNDLE_LOADER = "$(TEST_HOST)";
				FRAMEWORK_SEARCH_PATHS = (
					"$(SDKROOT)/Developer/Library/Frameworks",
					"$(inherited)",
				);
				INFOPLIST_FILE = TravelBookTests/Info.plist;
				LD_RUNPATH_SEARCH_PATHS = "$(inherited) @executable_path/Frameworks @loader_path/Frameworks";
				PRODUCT_NAME = "$(TARGET_NAME)";
				TEST_HOST = "$(BUILT_PRODUCTS_DIR)/TravelBook.app/TravelBook";
			};
			name = Release;
		};
/* End XCBuildConfiguration section */

/* Begin XCConfigurationList section */
		E7A67BDA1A2298B500964900 /* Build configuration list for PBXProject "TravelBook" */ = {
			isa = XCConfigurationList;
			buildConfigurations = (
				E7A67C001A2298B500964900 /* Debug */,
				E7A67C011A2298B500964900 /* Release */,
			);
			defaultConfigurationIsVisible = 0;
			defaultConfigurationName = Release;
		};
		E7A67C021A2298B500964900 /* Build configuration list for PBXNativeTarget "TravelBook" */ = {
			isa = XCConfigurationList;
			buildConfigurations = (
				E7A67C031A2298B500964900 /* Debug */,
				E7A67C041A2298B500964900 /* Release */,
			);
			defaultConfigurationIsVisible = 0;
			defaultConfigurationName = Release;
		};
		E7A67C051A2298B500964900 /* Build configuration list for PBXNativeTarget "TravelBookTests" */ = {
			isa = XCConfigurationList;
			buildConfigurations = (
				E7A67C061A2298B500964900 /* Debug */,
				E7A67C071A2298B500964900 /* Release */,
			);
			defaultConfigurationIsVisible = 0;
			defaultConfigurationName = Release;
		};
/* End XCConfigurationList section */
	};
	rootObject = E7A67BD71A2298B500964900 /* Project object */;
}
